{
  "name": "Useful-Tampermonkey-Scripts",
  "lockfileVersion": 3,
  "requires": true,
  "packages": {
    "": {
      "dependencies": {
        "@types/katex": "^0.14.0",
        "@types/tampermonkey": "^4.0.5"
      }
    },
    "node_modules/@types/katex": {
      "version": "0.14.0",
      "resolved": "https://registry.npmmirror.com/@types/katex/-/katex-0.14.0.tgz",
      "integrity": "sha512-+2FW2CcT0K3P+JMR8YG846bmDwplKUTsWgT2ENwdQ1UdVfRk3GQrh6Mi4sTopy30gI8Uau5CEqHTDZ6YvWIUPA=="
    },
    "node_modules/@types/tampermonkey": {
      "version": "4.0.5",
      "resolved": "https://registry.npmmirror.com/@types/tampermonkey/-/tampermonkey-4.0.5.tgz",
      "integrity": "sha512-FGPo7d+qZkDF7vyrwY1WNhcUnfDyVpt2uyL7krAu3WKCUMCfIUzOuvt8aSk8N2axHT8XPr9stAEDGVHLvag6Pw=="
    }
  }
}
